
Microsoft Visual Studio Solution File, Format Version 12.00
# Visual Studio Version 17
VisualStudioVersion = 17.2.32630.192
MinimumVisualStudioVersion = 10.0.40219.1
Project("{9A19103F-16F7-4668-BE54-9A1E7A4F7556}") = "ChatApp.Domain", "ChatApp.Core\ChatApp.Domain.csproj", "{7A617805-4000-49AF-8259-79A342877906}"
EndProject
Project("{9A19103F-16F7-4668-BE54-9A1E7A4F7556}") = "ChatApp.WEB", "ChatApp.WEB\ChatApp.WEB.csproj", "{5B3621BA-AA8C-4F6D-AA36-849D7F7CD0F9}"
EndProject
Project("{9A19103F-16F7-4668-BE54-9A1E7A4F7556}") = "ChatApp.Application", "ChatApp.Application\ChatApp.Application.csproj", "{C4975DEC-B67F-43CE-AC32-C31CBDD5A449}"
EndProject
Project("{9A19103F-16F7-4668-BE54-9A1E7A4F7556}") = "ChatApp.Infrastructure", "ChatApp.Infrastructure\ChatApp.Infrastructure.csproj", "{1DDB4D78-846D-45CD-9C1C-84329E9350BD}"
EndProject
Project("{FAE04EC0-301F-11D3-BF4B-00C04F79EFBC}") = "ChatApp.API", "ChatApp.API\ChatApp.API.csproj", "{D7A329C8-253C-4239-B9FE-1A40EEEE6520}"
EndProject
Global
	GlobalSection(SolutionConfigurationPlatforms) = preSolution
		Debug|Any CPU = Debug|Any CPU
		Release|Any CPU = Release|Any CPU
	EndGlobalSection
	GlobalSection(ProjectConfigurationPlatforms) = postSolution
		{7A617805-4000-49AF-8259-79A342877906}.Debug|Any CPU.ActiveCfg = Debug|Any CPU
		{7A617805-4000-49AF-8259-79A342877906}.Debug|Any CPU.Build.0 = Debug|Any CPU
		{7A617805-4000-49AF-8259-79A342877906}.Release|Any CPU.ActiveCfg = Release|Any CPU
		{7A617805-4000-49AF-8259-79A342877906}.Release|Any CPU.Build.0 = Release|Any CPU
		{5B3621BA-AA8C-4F6D-AA36-849D7F7CD0F9}.Debug|Any CPU.ActiveCfg = Debug|Any CPU
		{5B3621BA-AA8C-4F6D-AA36-849D7F7CD0F9}.Debug|Any CPU.Build.0 = Debug|Any CPU
		{5B3621BA-AA8C-4F6D-AA36-849D7F7CD0F9}.Release|Any CPU.ActiveCfg = Release|Any CPU
		{5B3621BA-AA8C-4F6D-AA36-849D7F7CD0F9}.Release|Any CPU.Build.0 = Release|Any CPU
		{C4975DEC-B67F-43CE-AC32-C31CBDD5A449}.Debug|Any CPU.ActiveCfg = Debug|Any CPU
		{C4975DEC-B67F-43CE-AC32-C31CBDD5A449}.Debug|Any CPU.Build.0 = Debug|Any CPU
		{C4975DEC-B67F-43CE-AC32-C31CBDD5A449}.Release|Any CPU.ActiveCfg = Release|Any CPU
		{C4975DEC-B67F-43CE-AC32-C31CBDD5A449}.Release|Any CPU.Build.0 = Release|Any CPU
		{1DDB4D78-846D-45CD-9C1C-84329E9350BD}.Debug|Any CPU.ActiveCfg = Debug|Any CPU
		{1DDB4D78-846D-45CD-9C1C-84329E9350BD}.Debug|Any CPU.Build.0 = Debug|Any CPU
		{1DDB4D78-846D-45CD-9C1C-84329E9350BD}.Release|Any CPU.ActiveCfg = Release|Any CPU
		{1DDB4D78-846D-45CD-9C1C-84329E9350BD}.Release|Any CPU.Build.0 = Release|Any CPU
		{D7A329C8-253C-4239-B9FE-1A40EEEE6520}.Debug|Any CPU.ActiveCfg = Debug|Any CPU
		{D7A329C8-253C-4239-B9FE-1A40EEEE6520}.Debug|Any CPU.Build.0 = Debug|Any CPU
		{D7A329C8-253C-4239-B9FE-1A40EEEE6520}.Release|Any CPU.ActiveCfg = Release|Any CPU
		{D7A329C8-253C-4239-B9FE-1A40EEEE6520}.Release|Any CPU.Build.0 = Release|Any CPU
	EndGlobalSection
	GlobalSection(SolutionProperties) = preSolution
		HideSolutionNode = FALSE
	EndGlobalSection
	GlobalSection(ExtensibilityGlobals) = postSolution
		SolutionGuid = {6BD97E93-8362-407E-92EE-FF38DC291309}
	EndGlobalSection
EndGlobal
